PODS:
  - iOSSnapshotTestCase (6.2.0):
    - iOSSnapshotTestCase/SwiftSupport (= 6.2.0)
  - iOSSnapshotTestCase/Core (6.2.0)
  - iOSSnapshotTestCase/SwiftSupport (6.2.0):
    - iOSSnapshotTestCase/Core
  - Nimble (8.0.7)
  - Nimble-Snapshots (8.1.1):
    - Nimble-Snapshots/Core (= 8.1.1)
  - Nimble-Snapshots/Core (8.1.1):
    - iOSSnapshotTestCase (~> 6.0)
    - Nimble (~> 8.0)
  - Quick (2.2.0)
  - SSegmentRecordingView (0.1.5)

DEPENDENCIES:
  - Nimble (~> 8.0)
  - Nimble-Snapshots (~> 8.1)
  - Quick (~> 2.2)
  - SSegmentRecordingView (from `../`)

SPEC REPOS:
  trunk:
    - iOSSnapshotTestCase
    - Nimble
    - Nimble-Snapshots
    - Quick

EXTERNAL SOURCES:
  SSegmentRecordingView:
    :path: "../"

SPEC CHECKSUMS:
  iOSSnapshotTestCase: 9ab44cb5aa62b84d31847f40680112e15ec579a6
  Nimble: a73af6ecd4c9106f434f3d55fc54570be3739e0b
  Nimble-Snapshots: 5058fb9b459e64371f54a0f8d9dde6f33db490a0
  Quick: 7fb19e13be07b5dfb3b90d4f9824c855a11af40e
  SSegmentRecordingView: be3182997b053d36964f74c6f852cd92873274cc

PODFILE CHECKSUM: 60e6551c8666b96c8caf23d4a7243850c2e1b7b9

COCOAPODS: 1.9.1
